
Microsoft Visual Studio Solution File, Format Version 12.00
# Visual Studio Version 16
VisualStudioVersion = 16.0.29609.76
MinimumVisualStudioVersion = 10.0.40219.1
Project("{FAE04EC0-301F-11D3-BF4B-00C04F79EFBC}") = "Paster", "Paster.csproj", "{31F7D905-8626-4353-B2AE-86DF49EC3B9A}"
EndProject
Global
	GlobalSection(SolutionConfigurationPlatforms) = preSolution
		Debug|Any CPU = Debug|Any CPU
		Release|Any CPU = Release|Any CPU
	EndGlobalSection
	GlobalSection(ProjectConfigurationPlatforms) = postSolution
		{31F7D905-8626-4353-B2AE-86DF49EC3B9A}.Debug|Any CPU.ActiveCfg = Debug|Any CPU
		{31F7D905-8626-4353-B2AE-86DF49EC3B9A}.Debug|Any CPU.Build.0 = Debug|Any CPU
		{31F7D905-8626-4353-B2AE-86DF49EC3B9A}.Release|Any CPU.ActiveCfg = Release|Any CPU
		{31F7D905-8626-4353-B2AE-86DF49EC3B9A}.Release|Any CPU.Build.0 = Release|Any CPU
	EndGlobalSection
	GlobalSection(SolutionProperties) = preSolution
		HideSolutionNode = FALSE
	EndGlobalSection
	GlobalSection(ExtensibilityGlobals) = postSolution
		SolutionGuid = {A869E0BC-C04C-456B-849E-403205446E85}
	EndGlobalSection
EndGlobal
